// !$*UTF8*$!
{
	archiveVersion = 1;
	classes = {
	};
	objectVersion = 50;
	objects = {

/* Begin PBXBuildFile section */
		2AEADBE3263D93AD00ABCCA1 /* DigiTime WatchKit App.app in Embed Watch Content */ = {isa = PBXBuildFile; fileRef = 2AEADBE2263D93AD00ABCCA1 /* DigiTime WatchKit App.app */; settings = {ATTRIBUTES = (RemoveHeadersOnCopy, ); }; };
		2AEADBE8263D93AF00ABCCA1 /* Assets.xcassets in Resources */ = {isa = PBXBuildFile; fileRef = 2AEADBE7263D93AF00ABCCA1 /* Assets.xcassets */; };
		2AEADBEF263D93AF00ABCCA1 /* DigiTime WatchKit Extension.appex in Embed App Extensions */ = {isa = PBXBuildFile; fileRef = 2AEADBEE263D93AF00ABCCA1 /* DigiTime WatchKit Extension.appex */; settings = {ATTRIBUTES = (RemoveHeadersOnCopy, ); }; };
		2AEADBF4263D93AF00ABCCA1 /* DigiTimeApp.swift in Sources */ = {isa = PBXBuildFile; fileRef = 2AEADBF3263D93AF00ABCCA1 /* DigiTimeApp.swift */; };
		2AEADBF6263D93AF00ABCCA1 /* ContentView.swift in Sources */ = {isa = PBXBuildFile; fileRef = 2AEADBF5263D93AF00ABCCA1 /* ContentView.swift */; };
		2AEADBF8263D93AF00ABCCA1 /* NotificationController.swift in Sources */ = {isa = PBXBuildFile; fileRef = 2AEADBF7263D93AF00ABCCA1 /* NotificationController.swift */; };
		2AEADBFA263D93AF00ABCCA1 /* NotificationView.swift in Sources */ = {isa = PBXBuildFile; fileRef = 2AEADBF9263D93AF00ABCCA1 /* NotificationView.swift */; };
		2AEADBFC263D93AF00ABCCA1 /* ComplicationController.swift in Sources */ = {isa = PBXBuildFile; fileRef = 2AEADBFB263D93AF00ABCCA1 /* ComplicationController.swift */; };
		2AEADBFE263D93B000ABCCA1 /* Assets.xcassets in Resources */ = {isa = PBXBuildFile; fileRef = 2AEADBFD263D93B000ABCCA1 /* Assets.xcassets */; };
		2AEADC01263D93B000ABCCA1 /* Preview Assets.xcassets in Resources */ = {isa = PBXBuildFile; fileRef = 2AEADC00263D93B000ABCCA1 /* Preview Assets.xcassets */; };
/* End PBXBuildFile section */

/* Begin PBXContainerItemProxy section */
		2AEADBE4263D93AD00ABCCA1 /* PBXContainerItemProxy */ = {
			isa = PBXContainerItemProxy;
			containerPortal = 2AEADBD8263D93AD00ABCCA1 /* Project object */;
			proxyType = 1;
			remoteGlobalIDString = 2AEADBE1263D93AD00ABCCA1;
			remoteInfo = "DigiTime WatchKit App";
		};
		2AEADBF0263D93AF00ABCCA1 /* PBXContainerItemProxy */ = {
			isa = PBXContainerItemProxy;
			containerPortal = 2AEADBD8263D93AD00ABCCA1 /* Project object */;
			proxyType = 1;
			remoteGlobalIDString = 2AEADBED263D93AF00ABCCA1;
			remoteInfo = "DigiTime WatchKit Extension";
		};
/* End PBXContainerItemProxy section */

/* Begin PBXCopyFilesBuildPhase section */
		2AEADC09263D93B000ABCCA1 /* Embed App Extensions */ = {
			isa = PBXCopyFilesBuildPhase;
			buildActionMask = 2147483647;
			dstPath = "";
			dstSubfolderSpec = 13;
			files = (
				2AEADBEF263D93AF00ABCCA1 /* DigiTime WatchKit Extension.appex in Embed App Extensions */,
			);
			name = "Embed App Extensions";
			runOnlyForDeploymentPostprocessing = 0;
		};
		2AEADC0D263D93B000ABCCA1 /* Embed Watch Content */ = {
			isa = PBXCopyFilesBuildPhase;
			buildActionMask = 2147483647;
			dstPath = "$(CONTENTS_FOLDER_PATH)/Watch";
			dstSubfolderSpec = 16;
			files = (
				2AEADBE3263D93AD00ABCCA1 /* DigiTime WatchKit App.app in Embed Watch Content */,
			);
			name = "Embed Watch Content";
			runOnlyForDeploymentPostprocessing = 0;
		};
/* End PBXCopyFilesBuildPhase section */

/* Begin PBXFileReference section */
		2AEADBDE263D93AD00ABCCA1 /* DigiTime.app */ = {isa = PBXFileReference; explicitFileType = wrapper.application; includeInIndex = 0; path = DigiTime.app; sourceTree = BUILT_PRODUCTS_DIR; };
		2AEADBE2263D93AD00ABCCA1 /* DigiTime WatchKit App.app */ = {isa = PBXFileReference; explicitFileType = wrapper.application; includeInIndex = 0; path = "DigiTime WatchKit App.app"; sourceTree = BUILT_PRODUCTS_DIR; };
		2AEADBE7263D93AF00ABCCA1 /* Assets.xcassets */ = {isa = PBXFileReference; lastKnownFileType = folder.assetcatalog; path = Assets.xcassets; sourceTree = "<group>"; };
		2AEADBE9263D93AF00ABCCA1 /* Info.plist */ = {isa = PBXFileReference; lastKnownFileType = text.plist.xml; path = Info.plist; sourceTree = "<group>"; };
		2AEADBEE263D93AF00ABCCA1 /* DigiTime WatchKit Extension.appex */ = {isa = PBXFileReference; explicitFileType = "wrapper.app-extension"; includeInIndex = 0; path = "DigiTime WatchKit Extension.appex"; sourceTree = BUILT_PRODUCTS_DIR; };
		2AEADBF3263D93AF00ABCCA1 /* DigiTimeApp.swift */ = {isa = PBXFileReference; lastKnownFileType = sourcecode.swift; path = DigiTimeApp.swift; sourceTree = "<group>"; };
		2AEADBF5263D93AF00ABCCA1 /* ContentView.swift */ = {isa = PBXFileReference; lastKnownFileType = sourcecode.swift; path = ContentView.swift; sourceTree = "<group>"; };
		2AEADBF7263D93AF00ABCCA1 /* NotificationController.swift */ = {isa = PBXFileReference; lastKnownFileType = sourcecode.swift; path = NotificationController.swift; sourceTree = "<group>"; };
		2AEADBF9263D93AF00ABCCA1 /* NotificationView.swift */ = {isa = PBXFileReference; lastKnownFileType = sourcecode.swift; path = NotificationView.swift; sourceTree = "<group>"; };
		2AEADBFB263D93AF00ABCCA1 /* ComplicationController.swift */ = {isa = PBXFileReference; lastKnownFileType = sourcecode.swift; path = ComplicationController.swift; sourceTree = "<group>"; };
		2AEADBFD263D93B000ABCCA1 /* Assets.xcassets */ = {isa = PBXFileReference; lastKnownFileType = folder.assetcatalog; path = Assets.xcassets; sourceTree = "<group>"; };
		2AEADC00263D93B000ABCCA1 /* Preview Assets.xcassets */ = {isa = PBXFileReference; lastKnownFileType = folder.assetcatalog; path = "Preview Assets.xcassets"; sourceTree = "<group>"; };
		2AEADC02263D93B000ABCCA1 /* Info.plist */ = {isa = PBXFileReference; lastKnownFileType = text.plist.xml; path = Info.plist; sourceTree = "<group>"; };
		2AEADC03263D93B000ABCCA1 /* PushNotificationPayload.apns */ = {isa = PBXFileReference; lastKnownFileType = text; path = PushNotificationPayload.apns; sourceTree = "<group>"; };
/* End PBXFileReference section */

/* Begin PBXFrameworksBuildPhase section */
		2AEADBEB263D93AF00ABCCA1 /* Frameworks */ = {
			isa = PBXFrameworksBuildPhase;
			buildActionMask = 2147483647;
			files = (
			);
			runOnlyForDeploymentPostprocessing = 0;
		};
/* End PBXFrameworksBuildPhase section */

/* Begin PBXGroup section */
		2AEADBD7263D93AD00ABCCA1 = {
			isa = PBXGroup;
			children = (
				2AEADBE6263D93AD00ABCCA1 /* DigiTime WatchKit App */,
				2AEADBF2263D93AF00ABCCA1 /* DigiTime WatchKit Extension */,
				2AEADBDF263D93AD00ABCCA1 /* Products */,
			);
			sourceTree = "<group>";
		};
		2AEADBDF263D93AD00ABCCA1 /* Products */ = {
			isa = PBXGroup;
			children = (
				2AEADBDE263D93AD00ABCCA1 /* DigiTime.app */,
				2AEADBE2263D93AD00ABCCA1 /* DigiTime WatchKit App.app */,
				2AEADBEE263D93AF00ABCCA1 /* DigiTime WatchKit Extension.appex */,
			);
			name = Products;
			sourceTree = "<group>";
		};
		2AEADBE6263D93AD00ABCCA1 /* DigiTime WatchKit App */ = {
			isa = PBXGroup;
			children = (
				2AEADBE7263D93AF00ABCCA1 /* Assets.xcassets */,
				2AEADBE9263D93AF00ABCCA1 /* Info.plist */,
			);
			path = "DigiTime WatchKit App";
			sourceTree = "<group>";
		};
		2AEADBF2263D93AF00ABCCA1 /* DigiTime WatchKit Extension */ = {
			isa = PBXGroup;
			children = (
				2AEADBF3263D93AF00ABCCA1 /* DigiTimeApp.swift */,
				2AEADBF5263D93AF00ABCCA1 /* ContentView.swift */,
				2AEADBF7263D93AF00ABCCA1 /* NotificationController.swift */,
				2AEADBF9263D93AF00ABCCA1 /* NotificationView.swift */,
				2AEADBFB263D93AF00ABCCA1 /* ComplicationController.swift */,
				2AEADBFD263D93B000ABCCA1 /* Assets.xcassets */,
				2AEADC02263D93B000ABCCA1 /* Info.plist */,
				2AEADC03263D93B000ABCCA1 /* PushNotificationPayload.apns */,
				2AEADBFF263D93B000ABCCA1 /* Preview Content */,
			);
			path = "DigiTime WatchKit Extension";
			sourceTree = "<group>";
		};
		2AEADBFF263D93B000ABCCA1 /* Preview Content */ = {
			isa = PBXGroup;
			children = (
				2AEADC00263D93B000ABCCA1 /* Preview Assets.xcassets */,
			);
			path = "Preview Content";
			sourceTree = "<group>";
		};
/* End PBXGroup section */

/* Begin PBXNativeTarget section */
		2AEADBDD263D93AD00ABCCA1 /* DigiTime */ = {
			isa = PBXNativeTarget;
			buildConfigurationList = 2AEADC0E263D93B000ABCCA1 /* Build configuration list for PBXNativeTarget "DigiTime" */;
			buildPhases = (
				2AEADBDC263D93AD00ABCCA1 /* Resources */,
				2AEADC0D263D93B000ABCCA1 /* Embed Watch Content */,
			);
			buildRules = (
			);
			dependencies = (
				2AEADBE5263D93AD00ABCCA1 /* PBXTargetDependency */,
			);
			name = DigiTime;
			productName = DigiTime;
			productReference = 2AEADBDE263D93AD00ABCCA1 /* DigiTime.app */;
			productType = "com.apple.product-type.application.watchapp2-container";
		};
		2AEADBE1263D93AD00ABCCA1 /* DigiTime WatchKit App */ = {
			isa = PBXNativeTarget;
			buildConfigurationList = 2AEADC0A263D93B000ABCCA1 /* Build configuration list for PBXNativeTarget "DigiTime WatchKit App" */;
			buildPhases = (
				2AEADBE0263D93AD00ABCCA1 /* Resources */,
				2AEADC09263D93B000ABCCA1 /* Embed App Extensions */,
			);
			buildRules = (
			);
			dependencies = (
				2AEADBF1263D93AF00ABCCA1 /* PBXTargetDependency */,
			);
			name = "DigiTime WatchKit App";
			productName = "DigiTime WatchKit App";
			productReference = 2AEADBE2263D93AD00ABCCA1 /* DigiTime WatchKit App.app */;
			productType = "com.apple.product-type.application.watchapp2";
		};
		2AEADBED263D93AF00ABCCA1 /* DigiTime WatchKit Extension */ = {
			isa = PBXNativeTarget;
			buildConfigurationList = 2AEADC06263D93B000ABCCA1 /* Build configuration list for PBXNativeTarget "DigiTime WatchKit Extension" */;
			buildPhases = (
				2AEADBEA263D93AF00ABCCA1 /* Sources */,
				2AEADBEB263D93AF00ABCCA1 /* Frameworks */,
				2AEADBEC263D93AF00ABCCA1 /* Resources */,
			);
			buildRules = (
			);
			dependencies = (
			);
			name = "DigiTime WatchKit Extension";
			productName = "DigiTime WatchKit Extension";
			productReference = 2AEADBEE263D93AF00ABCCA1 /* DigiTime WatchKit Extension.appex */;
			productType = "com.apple.product-type.watchkit2-extension";
		};
/* End PBXNativeTarget section */

/* Begin PBXProject section */
		2AEADBD8263D93AD00ABCCA1 /* Project object */ = {
			isa = PBXProject;
			attributes = {
				LastSwiftUpdateCheck = 1230;
				LastUpgradeCheck = 1230;
				TargetAttributes = {
					2AEADBDD263D93AD00ABCCA1 = {
						CreatedOnToolsVersion = 12.3;
					};
					2AEADBE1263D93AD00ABCCA1 = {
						CreatedOnToolsVersion = 12.3;
					};
					2AEADBED263D93AF00ABCCA1 = {
						CreatedOnToolsVersion = 12.3;
					};
				};
			};
			buildConfigurationList = 2AEADBDB263D93AD00ABCCA1 /* Build configuration list for PBXProject "DigiTime" */;
			compatibilityVersion = "Xcode 9.3";
			developmentRegion = en;
			hasScannedForEncodings = 0;
			knownRegions = (
				en,
				Base,
			);
			mainGroup = 2AEADBD7263D93AD00ABCCA1;
			productRefGroup = 2AEADBDF263D93AD00ABCCA1 /* Products */;
			projectDirPath = "";
			projectRoot = "";
			targets = (
				2AEADBDD263D93AD00ABCCA1 /* DigiTime */,
				2AEADBE1263D93AD00ABCCA1 /* DigiTime WatchKit App */,
				2AEADBED263D93AF00ABCCA1 /* DigiTime WatchKit Extension */,
			);
		};
/* End PBXProject section */

/* Begin PBXResourcesBuildPhase section */
		2AEADBDC263D93AD00ABCCA1 /* Resources */ = {
			isa = PBXResourcesBuildPhase;
			buildActionMask = 2147483647;
			files = (
			);
			runOnlyForDeploymentPostprocessing = 0;
		};
		2AEADBE0263D93AD00ABCCA1 /* Resources */ = {
			isa = PBXResourcesBuildPhase;
			buildActionMask = 2147483647;
			files = (
				2AEADBE8263D93AF00ABCCA1 /* Assets.xcassets in Resources */,
			);
			runOnlyForDeploymentPostprocessing = 0;
		};
		2AEADBEC263D93AF00ABCCA1 /* Resources */ = {
			isa = PBXResourcesBuildPhase;
			buildActionMask = 2147483647;
			files = (
				2AEADC01263D93B000ABCCA1 /* Preview Assets.xcassets in Resources */,
				2AEADBFE263D93B000ABCCA1 /* Assets.xcassets in Resources */,
			);
			runOnlyForDeploymentPostprocessing = 0;
		};
/* End PBXResourcesBuildPhase section */

/* Begin PBXSourcesBuildPhase section */
		2AEADBEA263D93AF00ABCCA1 /* Sources */ = {
			isa = PBXSourcesBuildPhase;
			buildActionMask = 2147483647;
			files = (
				2AEADBF8263D93AF00ABCCA1 /* NotificationController.swift in Sources */,
				2AEADBF6263D93AF00ABCCA1 /* ContentView.swift in Sources */,
				2AEADBFC263D93AF00ABCCA1 /* ComplicationController.swift in Sources */,
				2AEADBF4263D93AF00ABCCA1 /* DigiTimeApp.swift in Sources */,
				2AEADBFA263D93AF00ABCCA1 /* NotificationView.swift in Sources */,
			);
			runOnlyForDeploymentPostprocessing = 0;
		};
/* End PBXSourcesBuildPhase section */

/* Begin PBXTargetDependency section */
		2AEADBE5263D93AD00ABCCA1 /* PBXTargetDependency */ = {
			isa = PBXTargetDependency;
			target = 2AEADBE1263D93AD00ABCCA1 /* DigiTime WatchKit App */;
			targetProxy = 2AEADBE4263D93AD00ABCCA1 /* PBXContainerItemProxy */;
		};
		2AEADBF1263D93AF00ABCCA1 /* PBXTargetDependency */ = {
			isa = PBXTargetDependency;
			target = 2AEADBED263D93AF00ABCCA1 /* DigiTime WatchKit Extension */;
			targetProxy = 2AEADBF0263D93AF00ABCCA1 /* PBXContainerItemProxy */;
		};
/* End PBXTargetDependency section */

/* Begin XCBuildConfiguration section */
		2AEADC04263D93B000ABCCA1 /* Debug */ = {
			isa = XCBuildConfiguration;
			buildSettings = {
				ALWAYS_SEARCH_USER_PATHS = NO;
				CLANG_ANALYZER_NONNULL = YES;
				CLANG_ANALYZER_NUMBER_OBJECT_CONVERSION = YES_AGGRESSIVE;
				CLANG_CXX_LANGUAGE_STANDARD = "gnu++14";
				CLANG_CXX_LIBRARY = "libc++";
				CLANG_ENABLE_MODULES = YES;
				CLANG_ENABLE_OBJC_ARC = YES;
				CLANG_ENABLE_OBJC_WEAK = YES;
				CLANG_WARN_BLOCK_CAPTURE_AUTORELEASING = YES;
				CLANG_WARN_BOOL_CONVERSION = YES;
				CLANG_WARN_COMMA = YES;
				CLANG_WARN_CONSTANT_CONVERSION = YES;
				CLANG_WARN_DEPRECATED_OBJC_IMPLEMENTATIONS = YES;
				CLANG_WARN_DIRECT_OBJC_ISA_USAGE = YES_ERROR;
				CLANG_WARN_DOCUMENTATION_COMMENTS = YES;
				CLANG_WARN_EMPTY_BODY = YES;
				CLANG_WARN_ENUM_CONVERSION = YES;
				CLANG_WARN_INFINITE_RECURSION = YES;
				CLANG_WARN_INT_CONVERSION = YES;
				CLANG_WARN_NON_LITERAL_NULL_CONVERSION = YES;
				CLANG_WARN_OBJC_IMPLICIT_RETAIN_SELF = YES;
				CLANG_WARN_OBJC_LITERAL_CONVERSION = YES;
				CLANG_WARN_OBJC_ROOT_CLASS = YES_ERROR;
				CLANG_WARN_QUOTED_INCLUDE_IN_FRAMEWORK_HEADER = YES;
				CLANG_WARN_RANGE_LOOP_ANALYSIS = YES;
				CLANG_WARN_STRICT_PROTOTYPES = YES;
				CLANG_WARN_SUSPICIOUS_MOVE = YES;
				CLANG_WARN_UNGUARDED_AVAILABILITY = YES_AGGRESSIVE;
				CLANG_WARN_UNREACHABLE_CODE = YES;
				CLANG_WARN__DUPLICATE_METHOD_MATCH = YES;
				COPY_PHASE_STRIP = NO;
				DEBUG_INFORMATION_FORMAT = dwarf;
				ENABLE_STRICT_OBJC_MSGSEND = YES;
				ENABLE_TESTABILITY = YES;
				GCC_C_LANGUAGE_STANDARD = gnu11;
				GCC_DYNAMIC_NO_PIC = NO;
				GCC_NO_COMMON_BLOCKS = YES;
				GCC_OPTIMIZATION_LEVEL = 0;
				GCC_PREPROCESSOR_DEFINITIONS = (
					"DEBUG=1",
					"$(inherited)",
				);
				GCC_WARN_64_TO_32_BIT_CONVERSION = YES;
				GCC_WARN_ABOUT_RETURN_TYPE = YES_ERROR;
				GCC_WARN_UNDECLARED_SELECTOR = YES;
				GCC_WARN_UNINITIALIZED_AUTOS = YES_AGGRESSIVE;
				GCC_WARN_UNUSED_FUNCTION = YES;
				GCC_WARN_UNUSED_VARIABLE = YES;
				MTL_ENABLE_DEBUG_INFO = INCLUDE_SOURCE;
				MTL_FAST_MATH = YES;
				ONLY_ACTIVE_ARCH = YES;
				SDKROOT = iphoneos;
				SWIFT_ACTIVE_COMPILATION_CONDITIONS = DEBUG;
				SWIFT_OPTIMIZATION_LEVEL = "-Onone";
			};
			name = Debug;
		};
		2AEADC05263D93B000ABCCA1 /* Release */ = {
			isa = XCBuildConfiguration;
			buildSettings = {
				ALWAYS_SEARCH_USER_PATHS = NO;
				CLANG_ANALYZER_NONNULL = YES;
				CLANG_ANALYZER_NUMBER_OBJECT_CONVERSION = YES_AGGRESSIVE;
				CLANG_CXX_LANGUAGE_STANDARD = "gnu++14";
				CLANG_CXX_LIBRARY = "libc++";
				CLANG_ENABLE_MODULES = YES;
				CLANG_ENABLE_OBJC_ARC = YES;
				CLANG_ENABLE_OBJC_WEAK = YES;
				CLANG_WARN_BLOCK_CAPTURE_AUTORELEASING = YES;
				CLANG_WARN_BOOL_CONVERSION = YES;
				CLANG_WARN_COMMA = YES;
				CLANG_WARN_CONSTANT_CONVERSION = YES;
				CLANG_WARN_DEPRECATED_OBJC_IMPLEMENTATIONS = YES;
				CLANG_WARN_DIRECT_OBJC_ISA_USAGE = YES_ERROR;
				CLANG_WARN_DOCUMENTATION_COMMENTS = YES;
				CLANG_WARN_EMPTY_BODY = YES;
				CLANG_WARN_ENUM_CONVERSION = YES;
				CLANG_WARN_INFINITE_RECURSION = YES;
				CLANG_WARN_INT_CONVERSION = YES;
				CLANG_WARN_NON_LITERAL_NULL_CONVERSION = YES;
				CLANG_WARN_OBJC_IMPLICIT_RETAIN_SELF = YES;
				CLANG_WARN_OBJC_LITERAL_CONVERSION = YES;
				CLANG_WARN_OBJC_ROOT_CLASS = YES_ERROR;
				CLANG_WARN_QUOTED_INCLUDE_IN_FRAMEWORK_HEADER = YES;
				CLANG_WARN_RANGE_LOOP_ANALYSIS = YES;
				CLANG_WARN_STRICT_PROTOTYPES = YES;
				CLANG_WARN_SUSPICIOUS_MOVE = YES;
				CLANG_WARN_UNGUARDED_AVAILABILITY = YES_AGGRESSIVE;
				CLANG_WARN_UNREACHABLE_CODE = YES;
				CLANG_WARN__DUPLICATE_METHOD_MATCH = YES;
				COPY_PHASE_STRIP = NO;
				DEBUG_INFORMATION_FORMAT = "dwarf-with-dsym";
				ENABLE_NS_ASSERTIONS = NO;
				ENABLE_STRICT_OBJC_MSGSEND = YES;
				GCC_C_LANGUAGE_STANDARD = gnu11;
				GCC_NO_COMMON_BLOCKS = YES;
				GCC_WARN_64_TO_32_BIT_CONVERSION = YES;
				GCC_WARN_ABOUT_RETURN_TYPE = YES_ERROR;
				GCC_WARN_UNDECLARED_SELECTOR = YES;
				GCC_WARN_UNINITIALIZED_AUTOS = YES_AGGRESSIVE;
				GCC_WARN_UNUSED_FUNCTION = YES;
				GCC_WARN_UNUSED_VARIABLE = YES;
				MTL_ENABLE_DEBUG_INFO = NO;
				MTL_FAST_MATH = YES;
				SDKROOT = iphoneos;
				SWIFT_COMPILATION_MODE = wholemodule;
				SWIFT_OPTIMIZATION_LEVEL = "-O";
				VALIDATE_PRODUCT = YES;
			};
			name = Release;
		};
		2AEADC07263D93B000ABCCA1 /* Debug */ = {
			isa = XCBuildConfiguration;
			buildSettings = {
				ASSETCATALOG_COMPILER_COMPLICATION_NAME = Complication;
				CODE_SIGN_STYLE = Automatic;
				DEVELOPMENT_ASSET_PATHS = "\"DigiTime WatchKit Extension/Preview Content\"";
				ENABLE_PREVIEWS = YES;
				INFOPLIST_FILE = "DigiTime WatchKit Extension/Info.plist";
				LD_RUNPATH_SEARCH_PATHS = (
					"$(inherited)",
					"@executable_path/Frameworks",
					"@executable_path/../../Frameworks",
				);
				PRODUCT_BUNDLE_IDENTIFIER = com.berbakay.DigiTime.watchkitapp.watchkitextension;
				PRODUCT_NAME = "${TARGET_NAME}";
				SDKROOT = watchos;
				SKIP_INSTALL = YES;
				SWIFT_VERSION = 5.0;
				TARGETED_DEVICE_FAMILY = 4;
				WATCHOS_DEPLOYMENT_TARGET = 7.2;
			};
			name = Debug;
		};
		2AEADC08263D93B000ABCCA1 /* Release */ = {
			isa = XCBuildConfiguration;
			buildSettings = {
				ASSETCATALOG_COMPILER_COMPLICATION_NAME = Complication;
				CODE_SIGN_STYLE = Automatic;
				DEVELOPMENT_ASSET_PATHS = "\"DigiTime WatchKit Extension/Preview Content\"";
				ENABLE_PREVIEWS = YES;
				INFOPLIST_FILE = "DigiTime WatchKit Extension/Info.plist";
				LD_RUNPATH_SEARCH_PATHS = (
					"$(inherited)",
					"@executable_path/Frameworks",
					"@executable_path/../../Frameworks",
				);
				PRODUCT_BUNDLE_IDENTIFIER = com.berbakay.DigiTime.watchkitapp.watchkitextension;
				PRODUCT_NAME = "${TARGET_NAME}";
				SDKROOT = watchos;
				SKIP_INSTALL = YES;
				SWIFT_VERSION = 5.0;
				TARGETED_DEVICE_FAMILY = 4;
				WATCHOS_DEPLOYMENT_TARGET = 7.2;
			};
			name = Release;
		};
		2AEADC0B263D93B000ABCCA1 /* Debug */ = {
			isa = XCBuildConfiguration;
			buildSettings = {
				ALWAYS_EMBED_SWIFT_STANDARD_LIBRARIES = YES;
				ASSETCATALOG_COMPILER_APPICON_NAME = AppIcon;
				ASSETCATALOG_COMPILER_GLOBAL_ACCENT_COLOR_NAME = AccentColor;
				CODE_SIGN_STYLE = Automatic;
				IBSC_MODULE = DigiTime_WatchKit_Extension;
				INFOPLIST_FILE = "DigiTime WatchKit App/Info.plist";
				PRODUCT_BUNDLE_IDENTIFIER = com.berbakay.DigiTime.watchkitapp;
				PRODUCT_NAME = "$(TARGET_NAME)";
				SDKROOT = watchos;
				SKIP_INSTALL = YES;
				SWIFT_VERSION = 5.0;
				TARGETED_DEVICE_FAMILY = 4;
				WATCHOS_DEPLOYMENT_TARGET = 7.2;
			};
			name = Debug;
		};
		2AEADC0C263D93B000ABCCA1 /* Release */ = {
			isa = XCBuildConfiguration;
			buildSettings = {
				ALWAYS_EMBED_SWIFT_STANDARD_LIBRARIES = YES;
				ASSETCATALOG_COMPILER_APPICON_NAME = AppIcon;
				ASSETCATALOG_COMPILER_GLOBAL_ACCENT_COLOR_NAME = AccentColor;
				CODE_SIGN_STYLE = Automatic;
				IBSC_MODULE = DigiTime_WatchKit_Extension;
				INFOPLIST_FILE = "DigiTime WatchKit App/Info.plist";
				PRODUCT_BUNDLE_IDENTIFIER = com.berbakay.DigiTime.watchkitapp;
				PRODUCT_NAME = "$(TARGET_NAME)";
				SDKROOT = watchos;
				SKIP_INSTALL = YES;
				SWIFT_VERSION = 5.0;
				TARGETED_DEVICE_FAMILY = 4;
				WATCHOS_DEPLOYMENT_TARGET = 7.2;
			};
			name = Release;
		};
		2AEADC0F263D93B000ABCCA1 /* Debug */ = {
			isa = XCBuildConfiguration;
			buildSettings = {
				CODE_SIGN_STYLE = Automatic;
				CURRENT_PROJECT_VERSION = 1;
				MARKETING_VERSION = 1.0;
				PRODUCT_BUNDLE_IDENTIFIER = com.berbakay.DigiTime;
				PRODUCT_NAME = "$(TARGET_NAME)";
				SWIFT_VERSION = 5.0;
			};
			name = Debug;
		};
		2AEADC10263D93B000ABCCA1 /* Release */ = {
			isa = XCBuildConfiguration;
			buildSettings = {
				CODE_SIGN_STYLE = Automatic;
				CURRENT_PROJECT_VERSION = 1;
				MARKETING_VERSION = 1.0;
				PRODUCT_BUNDLE_IDENTIFIER = com.berbakay.DigiTime;
				PRODUCT_NAME = "$(TARGET_NAME)";
				SWIFT_VERSION = 5.0;
			};
			name = Release;
		};
/* End XCBuildConfiguration section */

/* Begin XCConfigurationList section */
		2AEADBDB263D93AD00ABCCA1 /* Build configuration list for PBXProject "DigiTime" */ = {
			isa = XCConfigurationList;
			buildConfigurations = (
				2AEADC04263D93B000ABCCA1 /* Debug */,
				2AEADC05263D93B000ABCCA1 /* Release */,
			);
			defaultConfigurationIsVisible = 0;
			defaultConfigurationName = Release;
		};
		2AEADC06263D93B000ABCCA1 /* Build configuration list for PBXNativeTarget "DigiTime WatchKit Extension" */ = {
			isa = XCConfigurationList;
			buildConfigurations = (
				2AEADC07263D93B000ABCCA1 /* Debug */,
				2AEADC08263D93B000ABCCA1 /* Release */,
			);
			defaultConfigurationIsVisible = 0;
			defaultConfigurationName = Release;
		};
		2AEADC0A263D93B000ABCCA1 /* Build configuration list for PBXNativeTarget "DigiTime WatchKit App" */ = {
			isa = XCConfigurationList;
			buildConfigurations = (
				2AEADC0B263D93B000ABCCA1 /* Debug */,
				2AEADC0C263D93B000ABCCA1 /* Release */,
			);
			defaultConfigurationIsVisible = 0;
			defaultConfigurationName = Release;
		};
		2AEADC0E263D93B000ABCCA1 /* Build configuration list for PBXNativeTarget "DigiTime" */ = {
			isa = XCConfigurationList;
			buildConfigurations = (
				2AEADC0F263D93B000ABCCA1 /* Debug */,
				2AEADC10263D93B000ABCCA1 /* Release */,
			);
			defaultConfigurationIsVisible = 0;
			defaultConfigurationName = Release;
		};
/* End XCConfigurationList section */
	};
	rootObject = 2AEADBD8263D93AD00ABCCA1 /* Project object */;
}
